
Microsoft Visual Studio Solution File, Format Version 12.00
# Visual Studio 15
VisualStudioVersion = 15.0.27004.2005
MinimumVisualStudioVersion = 10.0.40219.1
Project("{2150E333-8FDC-42A3-9474-1A3956D46DE8}") = "src", "src", "{C2F5BF92-8F4A-41F3-BC54-9C915B0CFC63}"
EndProject
Project("{2150E333-8FDC-42A3-9474-1A3956D46DE8}") = "tests", "tests", "{B9A128B8-9CF8-48AF-BCF4-BDB512F6A0A0}"
EndProject
Project("{9A19103F-16F7-4668-BE54-9A1E7A4F7556}") = "JAH.Api", "src\JAH.Api\JAH.Api.csproj", "{3BD8E691-B583-4041-A3CB-4E9ABF42082B}"
EndProject
Project("{9A19103F-16F7-4668-BE54-9A1E7A4F7556}") = "JAH.Data", "src\JAH.Data\JAH.Data.csproj", "{427439EA-2186-4A8E-B566-BD4381DB74E5}"
EndProject
Project("{9A19103F-16F7-4668-BE54-9A1E7A4F7556}") = "JAH.DomainModels", "src\JAH.DomainModels\JAH.DomainModels.csproj", "{7D84345F-54FF-44DB-924D-40F64AB2D27C}"
EndProject
Project("{9A19103F-16F7-4668-BE54-9A1E7A4F7556}") = "JAH.Services", "src\JAH.Services\JAH.Services.csproj", "{939F70E3-F6B4-4010-8F75-46D1F6071621}"
EndProject
Project("{9A19103F-16F7-4668-BE54-9A1E7A4F7556}") = "JAH.Web", "src\JAH.Web\JAH.Web.csproj", "{6199DCCD-B000-412C-8AD3-B643C6B44531}"
EndProject
Project("{9A19103F-16F7-4668-BE54-9A1E7A4F7556}") = "JAH.Api.UnitTests", "test\JAH.Api.UnitTests\JAH.Api.UnitTests.csproj", "{CB330A6D-28E9-4179-9550-EED80602BAC0}"
EndProject
Project("{9A19103F-16F7-4668-BE54-9A1E7A4F7556}") = "JAH.Data.UnitTests", "test\JAH.Data.UnitTests\JAH.Data.UnitTests.csproj", "{7F24A302-2858-4B39-B420-B47BC700656C}"
EndProject
Project("{9A19103F-16F7-4668-BE54-9A1E7A4F7556}") = "JAH.Services.UnitTests", "test\JAH.Services.UnitTests\JAH.Services.UnitTests.csproj", "{1F455017-53F1-473C-A98C-97346706AB9A}"
EndProject
Project("{9A19103F-16F7-4668-BE54-9A1E7A4F7556}") = "JAH.Web.IntegrationTests", "test\JAH.Web.IntegrationTests\JAH.Web.IntegrationTests.csproj", "{0966F5AC-2EFF-45F9-B0A0-ADED726762FE}"
EndProject
Project("{9A19103F-16F7-4668-BE54-9A1E7A4F7556}") = "JAH.Web.UnitTests", "test\JAH.Web.UnitTests\JAH.Web.UnitTests.csproj", "{045C049A-325D-493F-B6A4-13F8C47FA936}"
EndProject
Global
	GlobalSection(SolutionConfigurationPlatforms) = preSolution
		Debug|Any CPU = Debug|Any CPU
		Release|Any CPU = Release|Any CPU
	EndGlobalSection
	GlobalSection(ProjectConfigurationPlatforms) = postSolution
		{3BD8E691-B583-4041-A3CB-4E9ABF42082B}.Debug|Any CPU.ActiveCfg = Debug|Any CPU
		{3BD8E691-B583-4041-A3CB-4E9ABF42082B}.Debug|Any CPU.Build.0 = Debug|Any CPU
		{3BD8E691-B583-4041-A3CB-4E9ABF42082B}.Release|Any CPU.ActiveCfg = Release|Any CPU
		{3BD8E691-B583-4041-A3CB-4E9ABF42082B}.Release|Any CPU.Build.0 = Release|Any CPU
		{427439EA-2186-4A8E-B566-BD4381DB74E5}.Debug|Any CPU.ActiveCfg = Debug|Any CPU
		{427439EA-2186-4A8E-B566-BD4381DB74E5}.Debug|Any CPU.Build.0 = Debug|Any CPU
		{427439EA-2186-4A8E-B566-BD4381DB74E5}.Release|Any CPU.ActiveCfg = Release|Any CPU
		{427439EA-2186-4A8E-B566-BD4381DB74E5}.Release|Any CPU.Build.0 = Release|Any CPU
		{7D84345F-54FF-44DB-924D-40F64AB2D27C}.Debug|Any CPU.ActiveCfg = Debug|Any CPU
		{7D84345F-54FF-44DB-924D-40F64AB2D27C}.Debug|Any CPU.Build.0 = Debug|Any CPU
		{7D84345F-54FF-44DB-924D-40F64AB2D27C}.Release|Any CPU.ActiveCfg = Release|Any CPU
		{7D84345F-54FF-44DB-924D-40F64AB2D27C}.Release|Any CPU.Build.0 = Release|Any CPU
		{939F70E3-F6B4-4010-8F75-46D1F6071621}.Debug|Any CPU.ActiveCfg = Debug|Any CPU
		{939F70E3-F6B4-4010-8F75-46D1F6071621}.Debug|Any CPU.Build.0 = Debug|Any CPU
		{939F70E3-F6B4-4010-8F75-46D1F6071621}.Release|Any CPU.ActiveCfg = Release|Any CPU
		{939F70E3-F6B4-4010-8F75-46D1F6071621}.Release|Any CPU.Build.0 = Release|Any CPU
		{6199DCCD-B000-412C-8AD3-B643C6B44531}.Debug|Any CPU.ActiveCfg = Debug|Any CPU
		{6199DCCD-B000-412C-8AD3-B643C6B44531}.Debug|Any CPU.Build.0 = Debug|Any CPU
		{6199DCCD-B000-412C-8AD3-B643C6B44531}.Release|Any CPU.ActiveCfg = Release|Any CPU
		{6199DCCD-B000-412C-8AD3-B643C6B44531}.Release|Any CPU.Build.0 = Release|Any CPU
		{CB330A6D-28E9-4179-9550-EED80602BAC0}.Debug|Any CPU.ActiveCfg = Debug|Any CPU
		{CB330A6D-28E9-4179-9550-EED80602BAC0}.Debug|Any CPU.Build.0 = Debug|Any CPU
		{CB330A6D-28E9-4179-9550-EED80602BAC0}.Release|Any CPU.ActiveCfg = Release|Any CPU
		{CB330A6D-28E9-4179-9550-EED80602BAC0}.Release|Any CPU.Build.0 = Release|Any CPU
		{7F24A302-2858-4B39-B420-B47BC700656C}.Debug|Any CPU.ActiveCfg = Debug|Any CPU
		{7F24A302-2858-4B39-B420-B47BC700656C}.Debug|Any CPU.Build.0 = Debug|Any CPU
		{7F24A302-2858-4B39-B420-B47BC700656C}.Release|Any CPU.ActiveCfg = Release|Any CPU
		{7F24A302-2858-4B39-B420-B47BC700656C}.Release|Any CPU.Build.0 = Release|Any CPU
		{1F455017-53F1-473C-A98C-97346706AB9A}.Debug|Any CPU.ActiveCfg = Debug|Any CPU
		{1F455017-53F1-473C-A98C-97346706AB9A}.Debug|Any CPU.Build.0 = Debug|Any CPU
		{1F455017-53F1-473C-A98C-97346706AB9A}.Release|Any CPU.ActiveCfg = Release|Any CPU
		{1F455017-53F1-473C-A98C-97346706AB9A}.Release|Any CPU.Build.0 = Release|Any CPU
		{0966F5AC-2EFF-45F9-B0A0-ADED726762FE}.Debug|Any CPU.ActiveCfg = Debug|Any CPU
		{0966F5AC-2EFF-45F9-B0A0-ADED726762FE}.Debug|Any CPU.Build.0 = Debug|Any CPU
		{0966F5AC-2EFF-45F9-B0A0-ADED726762FE}.Release|Any CPU.ActiveCfg = Release|Any CPU
		{0966F5AC-2EFF-45F9-B0A0-ADED726762FE}.Release|Any CPU.Build.0 = Release|Any CPU
		{045C049A-325D-493F-B6A4-13F8C47FA936}.Debug|Any CPU.ActiveCfg = Debug|Any CPU
		{045C049A-325D-493F-B6A4-13F8C47FA936}.Debug|Any CPU.Build.0 = Debug|Any CPU
		{045C049A-325D-493F-B6A4-13F8C47FA936}.Release|Any CPU.ActiveCfg = Release|Any CPU
		{045C049A-325D-493F-B6A4-13F8C47FA936}.Release|Any CPU.Build.0 = Release|Any CPU
	EndGlobalSection
	GlobalSection(SolutionProperties) = preSolution
		HideSolutionNode = FALSE
	EndGlobalSection
	GlobalSection(NestedProjects) = preSolution
		{3BD8E691-B583-4041-A3CB-4E9ABF42082B} = {C2F5BF92-8F4A-41F3-BC54-9C915B0CFC63}
		{427439EA-2186-4A8E-B566-BD4381DB74E5} = {C2F5BF92-8F4A-41F3-BC54-9C915B0CFC63}
		{7D84345F-54FF-44DB-924D-40F64AB2D27C} = {C2F5BF92-8F4A-41F3-BC54-9C915B0CFC63}
		{939F70E3-F6B4-4010-8F75-46D1F6071621} = {C2F5BF92-8F4A-41F3-BC54-9C915B0CFC63}
		{6199DCCD-B000-412C-8AD3-B643C6B44531} = {C2F5BF92-8F4A-41F3-BC54-9C915B0CFC63}
		{CB330A6D-28E9-4179-9550-EED80602BAC0} = {B9A128B8-9CF8-48AF-BCF4-BDB512F6A0A0}
		{7F24A302-2858-4B39-B420-B47BC700656C} = {B9A128B8-9CF8-48AF-BCF4-BDB512F6A0A0}
		{1F455017-53F1-473C-A98C-97346706AB9A} = {B9A128B8-9CF8-48AF-BCF4-BDB512F6A0A0}
		{0966F5AC-2EFF-45F9-B0A0-ADED726762FE} = {B9A128B8-9CF8-48AF-BCF4-BDB512F6A0A0}
		{045C049A-325D-493F-B6A4-13F8C47FA936} = {B9A128B8-9CF8-48AF-BCF4-BDB512F6A0A0}
	EndGlobalSection
	GlobalSection(ExtensibilityGlobals) = postSolution
		SolutionGuid = {12701368-BAFC-4B3D-99A4-5274327C9538}
	EndGlobalSection
EndGlobal
