
Microsoft Visual Studio Solution File, Format Version 12.00
# Visual Studio 15
VisualStudioVersion = 15.0.26730.16
MinimumVisualStudioVersion = 10.0.40219.1
Project("{9A19103F-16F7-4668-BE54-9A1E7A4F7556}") = "JobApplicationHelper.Web", "JobApplicationHelper.Web\JobApplicationHelper.Web.csproj", "{6909EDD5-90D8-4AB7-B1ED-496576917305}"
EndProject
Project("{9A19103F-16F7-4668-BE54-9A1E7A4F7556}") = "JobApplicationHelper.Data", "JobApplicationHelper.Data\JobApplicationHelper.Data.csproj", "{503052D5-F791-4C5E-9291-8577E3BB2D24}"
EndProject
Project("{9A19103F-16F7-4668-BE54-9A1E7A4F7556}") = "JobApplicationHelper.DomainModels", "JobApplicationHelper.DomainModels\JobApplicationHelper.DomainModels.csproj", "{CB566287-C0E7-4871-B554-AAAF871AC50C}"
EndProject
Project("{9A19103F-16F7-4668-BE54-9A1E7A4F7556}") = "JobApplicationHelper.Services", "JobApplicationHelper.Services\JobApplicationHelper.Services.csproj", "{76E48563-4950-43B4-8BC6-3D46971517AB}"
EndProject
Project("{9A19103F-16F7-4668-BE54-9A1E7A4F7556}") = "JobApplicationHelper.Api", "JobApplicationHelper.Api\JobApplicationHelper.Api.csproj", "{2952B78A-1459-4B81-811B-119B85613D5A}"
EndProject
Project("{2150E333-8FDC-42A3-9474-1A3956D46DE8}") = "api", "api", "{C2F5BF92-8F4A-41F3-BC54-9C915B0CFC63}"
EndProject
Project("{2150E333-8FDC-42A3-9474-1A3956D46DE8}") = "tests", "tests", "{B9A128B8-9CF8-48AF-BCF4-BDB512F6A0A0}"
EndProject
Project("{2150E333-8FDC-42A3-9474-1A3956D46DE8}") = "Web", "Web", "{12E57225-DEEE-4211-A798-0305A2C8F60D}"
EndProject
Project("{9A19103F-16F7-4668-BE54-9A1E7A4F7556}") = "JobApplicationHelper.Api.UnitTests", "JobApplicationHelper.Api.UnitTests\JobApplicationHelper.Api.UnitTests.csproj", "{920BFC85-3B71-4E7B-8C0F-499471F1B211}"
EndProject
Project("{9A19103F-16F7-4668-BE54-9A1E7A4F7556}") = "JobApplicationHelper.Data.UnitTests", "JobApplicationHelper.Data.UnitTests\JobApplicationHelper.Data.UnitTests.csproj", "{C6A0DFF5-B5AC-4DC0-BE61-8E71A33CD2D9}"
EndProject
Project("{9A19103F-16F7-4668-BE54-9A1E7A4F7556}") = "JobApplicationHelper.Services.UnitTests", "JobApplicationHelper.Services.UnitTests\JobApplicationHelper.Services.UnitTests.csproj", "{45BCB639-BED3-4BA9-B781-B2046C3DD8B8}"
EndProject
Project("{FAE04EC0-301F-11D3-BF4B-00C04F79EFBC}") = "JobApplicationHelper.Web.UnitTests", "JobApplicationHelper.Web.UnitTests\JobApplicationHelper.Web.UnitTests.csproj", "{D463E19B-4230-4787-A861-E221C148A9A7}"
EndProject
Global
	GlobalSection(SolutionConfigurationPlatforms) = preSolution
		Debug|Any CPU = Debug|Any CPU
		Release|Any CPU = Release|Any CPU
	EndGlobalSection
	GlobalSection(ProjectConfigurationPlatforms) = postSolution
		{6909EDD5-90D8-4AB7-B1ED-496576917305}.Debug|Any CPU.ActiveCfg = Debug|Any CPU
		{6909EDD5-90D8-4AB7-B1ED-496576917305}.Debug|Any CPU.Build.0 = Debug|Any CPU
		{6909EDD5-90D8-4AB7-B1ED-496576917305}.Release|Any CPU.ActiveCfg = Release|Any CPU
		{6909EDD5-90D8-4AB7-B1ED-496576917305}.Release|Any CPU.Build.0 = Release|Any CPU
		{503052D5-F791-4C5E-9291-8577E3BB2D24}.Debug|Any CPU.ActiveCfg = Debug|Any CPU
		{503052D5-F791-4C5E-9291-8577E3BB2D24}.Debug|Any CPU.Build.0 = Debug|Any CPU
		{503052D5-F791-4C5E-9291-8577E3BB2D24}.Release|Any CPU.ActiveCfg = Release|Any CPU
		{503052D5-F791-4C5E-9291-8577E3BB2D24}.Release|Any CPU.Build.0 = Release|Any CPU
		{CB566287-C0E7-4871-B554-AAAF871AC50C}.Debug|Any CPU.ActiveCfg = Debug|Any CPU
		{CB566287-C0E7-4871-B554-AAAF871AC50C}.Debug|Any CPU.Build.0 = Debug|Any CPU
		{CB566287-C0E7-4871-B554-AAAF871AC50C}.Release|Any CPU.ActiveCfg = Release|Any CPU
		{CB566287-C0E7-4871-B554-AAAF871AC50C}.Release|Any CPU.Build.0 = Release|Any CPU
		{76E48563-4950-43B4-8BC6-3D46971517AB}.Debug|Any CPU.ActiveCfg = Debug|Any CPU
		{76E48563-4950-43B4-8BC6-3D46971517AB}.Debug|Any CPU.Build.0 = Debug|Any CPU
		{76E48563-4950-43B4-8BC6-3D46971517AB}.Release|Any CPU.ActiveCfg = Release|Any CPU
		{76E48563-4950-43B4-8BC6-3D46971517AB}.Release|Any CPU.Build.0 = Release|Any CPU
		{2952B78A-1459-4B81-811B-119B85613D5A}.Debug|Any CPU.ActiveCfg = Debug|Any CPU
		{2952B78A-1459-4B81-811B-119B85613D5A}.Debug|Any CPU.Build.0 = Debug|Any CPU
		{2952B78A-1459-4B81-811B-119B85613D5A}.Release|Any CPU.ActiveCfg = Release|Any CPU
		{2952B78A-1459-4B81-811B-119B85613D5A}.Release|Any CPU.Build.0 = Release|Any CPU
		{920BFC85-3B71-4E7B-8C0F-499471F1B211}.Debug|Any CPU.ActiveCfg = Debug|Any CPU
		{920BFC85-3B71-4E7B-8C0F-499471F1B211}.Debug|Any CPU.Build.0 = Debug|Any CPU
		{920BFC85-3B71-4E7B-8C0F-499471F1B211}.Release|Any CPU.ActiveCfg = Release|Any CPU
		{920BFC85-3B71-4E7B-8C0F-499471F1B211}.Release|Any CPU.Build.0 = Release|Any CPU
		{C6A0DFF5-B5AC-4DC0-BE61-8E71A33CD2D9}.Debug|Any CPU.ActiveCfg = Debug|Any CPU
		{C6A0DFF5-B5AC-4DC0-BE61-8E71A33CD2D9}.Debug|Any CPU.Build.0 = Debug|Any CPU
		{C6A0DFF5-B5AC-4DC0-BE61-8E71A33CD2D9}.Release|Any CPU.ActiveCfg = Release|Any CPU
		{C6A0DFF5-B5AC-4DC0-BE61-8E71A33CD2D9}.Release|Any CPU.Build.0 = Release|Any CPU
		{45BCB639-BED3-4BA9-B781-B2046C3DD8B8}.Debug|Any CPU.ActiveCfg = Debug|Any CPU
		{45BCB639-BED3-4BA9-B781-B2046C3DD8B8}.Debug|Any CPU.Build.0 = Debug|Any CPU
		{45BCB639-BED3-4BA9-B781-B2046C3DD8B8}.Release|Any CPU.ActiveCfg = Release|Any CPU
		{45BCB639-BED3-4BA9-B781-B2046C3DD8B8}.Release|Any CPU.Build.0 = Release|Any CPU
		{D463E19B-4230-4787-A861-E221C148A9A7}.Debug|Any CPU.ActiveCfg = Debug|Any CPU
		{D463E19B-4230-4787-A861-E221C148A9A7}.Debug|Any CPU.Build.0 = Debug|Any CPU
		{D463E19B-4230-4787-A861-E221C148A9A7}.Release|Any CPU.ActiveCfg = Release|Any CPU
		{D463E19B-4230-4787-A861-E221C148A9A7}.Release|Any CPU.Build.0 = Release|Any CPU
	EndGlobalSection
	GlobalSection(SolutionProperties) = preSolution
		HideSolutionNode = FALSE
	EndGlobalSection
	GlobalSection(NestedProjects) = preSolution
		{6909EDD5-90D8-4AB7-B1ED-496576917305} = {12E57225-DEEE-4211-A798-0305A2C8F60D}
		{503052D5-F791-4C5E-9291-8577E3BB2D24} = {C2F5BF92-8F4A-41F3-BC54-9C915B0CFC63}
		{CB566287-C0E7-4871-B554-AAAF871AC50C} = {C2F5BF92-8F4A-41F3-BC54-9C915B0CFC63}
		{76E48563-4950-43B4-8BC6-3D46971517AB} = {C2F5BF92-8F4A-41F3-BC54-9C915B0CFC63}
		{2952B78A-1459-4B81-811B-119B85613D5A} = {C2F5BF92-8F4A-41F3-BC54-9C915B0CFC63}
		{920BFC85-3B71-4E7B-8C0F-499471F1B211} = {B9A128B8-9CF8-48AF-BCF4-BDB512F6A0A0}
		{C6A0DFF5-B5AC-4DC0-BE61-8E71A33CD2D9} = {B9A128B8-9CF8-48AF-BCF4-BDB512F6A0A0}
		{45BCB639-BED3-4BA9-B781-B2046C3DD8B8} = {B9A128B8-9CF8-48AF-BCF4-BDB512F6A0A0}
		{D463E19B-4230-4787-A861-E221C148A9A7} = {B9A128B8-9CF8-48AF-BCF4-BDB512F6A0A0}
	EndGlobalSection
	GlobalSection(ExtensibilityGlobals) = postSolution
		SolutionGuid = {12701368-BAFC-4B3D-99A4-5274327C9538}
	EndGlobalSection
EndGlobal
